
Microsoft Visual Studio Solution File, Format Version 12.00
# Visual Studio 2013
VisualStudioVersion = 12.0.31101.0
MinimumVisualStudioVersion = 10.0.40219.1
Project("{FAE04EC0-301F-11D3-BF4B-00C04F79EFBC}") = "HoldemController", "HoldemController\HoldemController.csproj", "{03361129-E8EE-45C3-B2BA-079AA7B492BE}"
EndProject
Project("{FAE04EC0-301F-11D3-BF4B-00C04F79EFBC}") = "HoldemPlayerContract", "HoldemPlayerContract\HoldemPlayerContract.csproj", "{AD776B7F-645D-4432-9F10-4780CC39B5F2}"
EndProject
Project("{2150E333-8FDC-42A3-9474-1A3956D46DE8}") = "Bots", "Bots", "{D6B8264A-568A-4DA6-8576-412DD4EA9815}"
EndProject
Project("{FAE04EC0-301F-11D3-BF4B-00C04F79EFBC}") = "CallerBot", "Bots\CallerBot\CallerBot.csproj", "{1CE173FD-F141-4FF5-AAD9-0BC960851F7B}"
EndProject
Project("{FAE04EC0-301F-11D3-BF4B-00C04F79EFBC}") = "ObserverBot", "Bots\ObserverBot\ObserverBot.csproj", "{6A4A8E03-2686-418A-999D-E07189B2592A}"
EndProject
Global
	GlobalSection(SolutionConfigurationPlatforms) = preSolution
		Debug|Any CPU = Debug|Any CPU
		Release|Any CPU = Release|Any CPU
	EndGlobalSection
	GlobalSection(ProjectConfigurationPlatforms) = postSolution
		{03361129-E8EE-45C3-B2BA-079AA7B492BE}.Debug|Any CPU.ActiveCfg = Debug|Any CPU
		{03361129-E8EE-45C3-B2BA-079AA7B492BE}.Debug|Any CPU.Build.0 = Debug|Any CPU
		{03361129-E8EE-45C3-B2BA-079AA7B492BE}.Release|Any CPU.ActiveCfg = Release|Any CPU
		{03361129-E8EE-45C3-B2BA-079AA7B492BE}.Release|Any CPU.Build.0 = Release|Any CPU
		{AD776B7F-645D-4432-9F10-4780CC39B5F2}.Debug|Any CPU.ActiveCfg = Debug|Any CPU
		{AD776B7F-645D-4432-9F10-4780CC39B5F2}.Debug|Any CPU.Build.0 = Debug|Any CPU
		{AD776B7F-645D-4432-9F10-4780CC39B5F2}.Release|Any CPU.ActiveCfg = Release|Any CPU
		{AD776B7F-645D-4432-9F10-4780CC39B5F2}.Release|Any CPU.Build.0 = Release|Any CPU
		{1CE173FD-F141-4FF5-AAD9-0BC960851F7B}.Debug|Any CPU.ActiveCfg = Debug|Any CPU
		{1CE173FD-F141-4FF5-AAD9-0BC960851F7B}.Debug|Any CPU.Build.0 = Debug|Any CPU
		{1CE173FD-F141-4FF5-AAD9-0BC960851F7B}.Release|Any CPU.ActiveCfg = Release|Any CPU
		{1CE173FD-F141-4FF5-AAD9-0BC960851F7B}.Release|Any CPU.Build.0 = Release|Any CPU
		{6A4A8E03-2686-418A-999D-E07189B2592A}.Debug|Any CPU.ActiveCfg = Debug|Any CPU
		{6A4A8E03-2686-418A-999D-E07189B2592A}.Debug|Any CPU.Build.0 = Debug|Any CPU
		{6A4A8E03-2686-418A-999D-E07189B2592A}.Release|Any CPU.ActiveCfg = Release|Any CPU
		{6A4A8E03-2686-418A-999D-E07189B2592A}.Release|Any CPU.Build.0 = Release|Any CPU
	EndGlobalSection
	GlobalSection(SolutionProperties) = preSolution
		HideSolutionNode = FALSE
	EndGlobalSection
	GlobalSection(NestedProjects) = preSolution
		{1CE173FD-F141-4FF5-AAD9-0BC960851F7B} = {D6B8264A-568A-4DA6-8576-412DD4EA9815}
		{6A4A8E03-2686-418A-999D-E07189B2592A} = {D6B8264A-568A-4DA6-8576-412DD4EA9815}
	EndGlobalSection
EndGlobal
